{
  "requires": true,
  "lockfileVersion": 1,
  "dependencies": {
    "air-datepicker": {
      "version": "2.2.3",
      "resolved": "https://registry.npmjs.org/air-datepicker/-/air-datepicker-2.2.3.tgz",
      "integrity": "sha1-nbtrxryMnZ2zgEdQkTcNrYLC94c=",
      "requires": {
        "jquery": "2.2.4"
      }
    },
    "bootstrap-datepicker-webpack": {
      "version": "1.7.0-dev",
      "resolved": "https://registry.npmjs.org/bootstrap-datepicker-webpack/-/bootstrap-datepicker-webpack-1.7.0-dev.tgz",
      "integrity": "sha1-4/3u9ZLCk2fFTr+Fo4qaxH2CZk4=",
      "requires": {
        "jquery": "2.2.4"
      }
    },
    "bootstrap-datetimepicker.js": {
      "version": "1.0.0",
      "resolved": "https://registry.npmjs.org/bootstrap-datetimepicker.js/-/bootstrap-datetimepicker.js-1.0.0.tgz",
      "integrity": "sha1-dt0ZSXIii2K7s+2G3WGR2AAswN4="
    },
    "font-awesome": {
      "version": "4.7.0",
      "resolved": "https://registry.npmjs.org/font-awesome/-/font-awesome-4.7.0.tgz",
      "integrity": "sha1-j6jPBBGhoxr9B7BtKQK7n8gVoTM="
    },
    "jquery": {
      "version": "2.2.4",
      "resolved": "https://registry.npmjs.org/jquery/-/jquery-2.2.4.tgz",
      "integrity": "sha1-LInWiJterFIqfuoywUUhVZxsvwI="
    },
    "moment": {
      "version": "2.19.1",
      "resolved": "https://registry.npmjs.org/moment/-/moment-2.19.1.tgz",
      "integrity": "sha1-VtoaLRy/AdOLfhr8McELz6GSkWc="
    }
  }
}
